
Microsoft Visual Studio Solution File, Format Version 12.00
# Visual Studio Version 17
VisualStudioVersion = 17.0.31903.59
MinimumVisualStudioVersion = 10.0.40219.1
Project("{2150E333-8FDC-42A3-9474-1A3956D46DE8}") = "Microservices", "Microservices", "{CBE6D344-A022-46F6-BAF5-DA0E510D8E3B}"
EndProject
Project("{9A19103F-16F7-4668-BE54-9A1E7A4F7556}") = "Phlo.Api", "Phlo.Api\Phlo.Api.csproj", "{0A56D35C-9675-4303-B523-C63710E17251}"
EndProject
Global
	GlobalSection(SolutionConfigurationPlatforms) = preSolution
		Debug|Any CPU = Debug|Any CPU
		Release|Any CPU = Release|Any CPU
	EndGlobalSection
	GlobalSection(ProjectConfigurationPlatforms) = postSolution
		{0A56D35C-9675-4303-B523-C63710E17251}.Debug|Any CPU.ActiveCfg = Debug|Any CPU
		{0A56D35C-9675-4303-B523-C63710E17251}.Debug|Any CPU.Build.0 = Debug|Any CPU
		{0A56D35C-9675-4303-B523-C63710E17251}.Release|Any CPU.ActiveCfg = Release|Any CPU
		{0A56D35C-9675-4303-B523-C63710E17251}.Release|Any CPU.Build.0 = Release|Any CPU
	EndGlobalSection
	GlobalSection(SolutionProperties) = preSolution
		HideSolutionNode = FALSE
	EndGlobalSection
	GlobalSection(NestedProjects) = preSolution
		{0A56D35C-9675-4303-B523-C63710E17251} = {CBE6D344-A022-46F6-BAF5-DA0E510D8E3B}
	EndGlobalSection
	GlobalSection(ExtensibilityGlobals) = postSolution
		SolutionGuid = {A6D39DD8-BE80-4495-8EEF-7E733B8D8422}
	EndGlobalSection
EndGlobal
